PODS:
  - AFNetworking (1.3.2)
  - GRMustache (6.8.2):
    - JRSwizzle (~> 1.0)
  - JRSwizzle (1.0)
  - QuickDialog (0.9)
  - RestKit (0.20.3):
    - RestKit/Core
  - RestKit/Core (0.20.3):
    - RestKit/CoreData
    - RestKit/Network
    - RestKit/ObjectMapping
  - RestKit/CoreData (0.20.3)
  - RestKit/Network (0.20.3):
    - AFNetworking (~> 1.3.0)
    - RestKit/ObjectMapping
    - RestKit/Support
    - SOCKit
  - RestKit/ObjectMapping (0.20.3)
  - RestKit/Support (0.20.3):
    - TransitionKit (= 1.1.1)
  - RKXMLReaderSerialization (0.1.0):
    - RestKit (>= 0.20.0dev)
    - XMLReader (>= 0.0.2)
  - SOCKit (1.1)
  - TDSemiModal (0.0.1)
  - TransitionKit (1.1.1)
  - XMLReader (0.0.2)

DEPENDENCIES:
  - GRMustache
  - QuickDialog (from `https://raw.github.com/philchristensen/QuickDialog/master/QuickDialog.podspec`)
  - RestKit
  - RKXMLReaderSerialization (from `https://github.com/RestKit/RKXMLReaderSerialization.git`)
  - TDSemiModal (from `https://raw.github.com/philchristensen/Specs/master/TDSemiModal/0.0.1/TDSemiModal.podspec`)

EXTERNAL SOURCES:
  QuickDialog:
    :podspec: https://raw.github.com/philchristensen/QuickDialog/master/QuickDialog.podspec
  RKXMLReaderSerialization:
    :git: https://github.com/RestKit/RKXMLReaderSerialization.git
  TDSemiModal:
    :podspec: https://raw.github.com/philchristensen/Specs/master/TDSemiModal/0.0.1/TDSemiModal.podspec

SPEC CHECKSUMS:
  AFNetworking: 7f9bcd7c287a75476cd5c61e82fd3380e93e4c54
  GRMustache: 9ea300db470733cfe8824896c07c8898a7102109
  JRSwizzle: 6242ff38485d870fc2636899048ee1ab883ae587
  QuickDialog: d6b15c878b2563b794a05a3cd5430bb6be7008d5
  RestKit: 1f181c180105a92f11ec4f6cd7de37625e516d83
  RKXMLReaderSerialization: 4e4986e29782e05cf2f52d5076630304cfa6fb29
  SOCKit: 2f3bc4d07910de12dcc202815e07db68a3802581
  TDSemiModal: eb66ea9b5d47ddf8ba15f85886f6d98a54be5196
  TransitionKit: d0e3344aac92991395d4c2e72d9c5a8ceeb12910
  XMLReader: d8a522b0362140b328bcaec7f289ff4ffffebf29

COCOAPODS: 0.23.0
