// !$*UTF8*$!
{
	archiveVersion = 1;
	classes = {
	};
	objectVersion = 46;
	objects = {

/* Begin PBXBuildFile section */
		420A1B02178349B8004FB944 /* HPBEntryDetailViewController.m in Sources */ = {isa = PBXBuildFile; fileRef = 420A1B01178349B8004FB944 /* HPBEntryDetailViewController.m */; };
		4236DFA92211124C00C1179A /* Photos.framework in Frameworks */ = {isa = PBXBuildFile; fileRef = 4236DFA82211124B00C1179A /* Photos.framework */; };
		4236DFAC2213723900C1179A /* HPBCollectionViewCell.m in Sources */ = {isa = PBXBuildFile; fileRef = 4236DFAB2213723900C1179A /* HPBCollectionViewCell.m */; };
		4236DFAE2213798F00C1179A /* PhotosUI.framework in Frameworks */ = {isa = PBXBuildFile; fileRef = 4236DFAD2213798F00C1179A /* PhotosUI.framework */; };
		4236DFF32214A62900C1179A /* HPBEventPhotosViewController.m in Sources */ = {isa = PBXBuildFile; fileRef = 4236DFF22214A62900C1179A /* HPBEventPhotosViewController.m */; };
		4236DFF62214A99400C1179A /* HPBEventPhotosCollectionViewCell.m in Sources */ = {isa = PBXBuildFile; fileRef = 4236DFF52214A99300C1179A /* HPBEventPhotosCollectionViewCell.m */; };
		429607C0177CB39800F7DF13 /* UIKit.framework in Frameworks */ = {isa = PBXBuildFile; fileRef = 429607BF177CB39800F7DF13 /* UIKit.framework */; };
		429607C2177CB39800F7DF13 /* Foundation.framework in Frameworks */ = {isa = PBXBuildFile; fileRef = 429607C1177CB39800F7DF13 /* Foundation.framework */; };
		429607C4177CB39800F7DF13 /* CoreGraphics.framework in Frameworks */ = {isa = PBXBuildFile; fileRef = 429607C3177CB39800F7DF13 /* CoreGraphics.framework */; };
		429607C6177CB39800F7DF13 /* CoreData.framework in Frameworks */ = {isa = PBXBuildFile; fileRef = 429607C5177CB39800F7DF13 /* CoreData.framework */; };
		429607CC177CB39800F7DF13 /* InfoPlist.strings in Resources */ = {isa = PBXBuildFile; fileRef = 429607CA177CB39800F7DF13 /* InfoPlist.strings */; };
		429607CE177CB39800F7DF13 /* main.m in Sources */ = {isa = PBXBuildFile; fileRef = 429607CD177CB39800F7DF13 /* main.m */; };
		429607D2177CB39800F7DF13 /* HPBAppDelegate.m in Sources */ = {isa = PBXBuildFile; fileRef = 429607D1177CB39800F7DF13 /* HPBAppDelegate.m */; };
		429607DB177CB39800F7DF13 /* MainStoryboard_iPhone.storyboard in Resources */ = {isa = PBXBuildFile; fileRef = 429607D9177CB39800F7DF13 /* MainStoryboard_iPhone.storyboard */; };
		429607E1177CB39800F7DF13 /* Setlists.xcdatamodeld in Sources */ = {isa = PBXBuildFile; fileRef = 429607DF177CB39800F7DF13 /* Setlists.xcdatamodeld */; };
		429607E4177CB39800F7DF13 /* HPBMasterViewController.m in Sources */ = {isa = PBXBuildFile; fileRef = 429607E3177CB39800F7DF13 /* HPBMasterViewController.m */; };
		429607E7177CB39800F7DF13 /* HPBDetailViewController.m in Sources */ = {isa = PBXBuildFile; fileRef = 429607E6177CB39800F7DF13 /* HPBDetailViewController.m */; };
		429607EF177CB39900F7DF13 /* SenTestingKit.framework in Frameworks */ = {isa = PBXBuildFile; fileRef = 429607EE177CB39900F7DF13 /* SenTestingKit.framework */; };
		429607F0177CB39900F7DF13 /* UIKit.framework in Frameworks */ = {isa = PBXBuildFile; fileRef = 429607BF177CB39800F7DF13 /* UIKit.framework */; };
		429607F1177CB39900F7DF13 /* Foundation.framework in Frameworks */ = {isa = PBXBuildFile; fileRef = 429607C1177CB39800F7DF13 /* Foundation.framework */; };
		429607F2177CB39900F7DF13 /* CoreData.framework in Frameworks */ = {isa = PBXBuildFile; fileRef = 429607C5177CB39800F7DF13 /* CoreData.framework */; };
		429607FA177CB39900F7DF13 /* InfoPlist.strings in Resources */ = {isa = PBXBuildFile; fileRef = 429607F8177CB39900F7DF13 /* InfoPlist.strings */; };
		429607FD177CB39900F7DF13 /* SetlistsTests.m in Sources */ = {isa = PBXBuildFile; fileRef = 429607FC177CB39900F7DF13 /* SetlistsTests.m */; };
		42A76D5E2202B3FD00E003CA /* Images.xcassets in Resources */ = {isa = PBXBuildFile; fileRef = 42A76D5D2202B3FD00E003CA /* Images.xcassets */; };
		4A6F3F4B17BFAFC700E68022 /* HPBImportSetlistViewController.m in Sources */ = {isa = PBXBuildFile; fileRef = 4A6F3F4A17BFAFC700E68022 /* HPBImportSetlistViewController.m */; };
		4A6F3F4E17BFAFE100E68022 /* HPBImportTableCell.m in Sources */ = {isa = PBXBuildFile; fileRef = 4A6F3F4D17BFAFE100E68022 /* HPBImportTableCell.m */; };
		4A71195417C04DC900A52BA9 /* SFSetlist.m in Sources */ = {isa = PBXBuildFile; fileRef = 4A71195317C04DC900A52BA9 /* SFSetlist.m */; };
		4A9BDFF117B0072800571FCF /* HPBShowTableCell.m in Sources */ = {isa = PBXBuildFile; fileRef = 4A9BDFF017B0072800571FCF /* HPBShowTableCell.m */; };
		4A9BDFF317B00A2200571FCF /* PlaintextSetlist.mustache in Resources */ = {isa = PBXBuildFile; fileRef = 4A9BDFF217B00A2200571FCF /* PlaintextSetlist.mustache */; };
		4A9BDFF517B00A4B00571FCF /* PlaintextSummarySetlist.mustache in Resources */ = {isa = PBXBuildFile; fileRef = 4A9BDFF417B00A4B00571FCF /* PlaintextSummarySetlist.mustache */; };
		4AA60490177D0A9F00A1AC47 /* HPBBandSearchViewController.m in Sources */ = {isa = PBXBuildFile; fileRef = 4AA6048F177D0A9F00A1AC47 /* HPBBandSearchViewController.m */; };
		4AA60493177D0C7800A1AC47 /* HPBVenueSearchViewController.m in Sources */ = {isa = PBXBuildFile; fileRef = 4AA60492177D0C7800A1AC47 /* HPBVenueSearchViewController.m */; };
		4AA60496177D0DDF00A1AC47 /* HPBSongSearchViewController.m in Sources */ = {isa = PBXBuildFile; fileRef = 4AA60495177D0DDF00A1AC47 /* HPBSongSearchViewController.m */; };
		4ABDBCC01792EA000032A4A7 /* ATSDragToReorderTableViewController.m in Sources */ = {isa = PBXBuildFile; fileRef = 4ABDBCBF1792EA000032A4A7 /* ATSDragToReorderTableViewController.m */; };
		4ABDBCC41792ED590032A4A7 /* QuartzCore.framework in Frameworks */ = {isa = PBXBuildFile; fileRef = 4ABDBCC31792ED590032A4A7 /* QuartzCore.framework */; };
		4AD6529617B80AFD002E95CC /* HPBAboutViewController.m in Sources */ = {isa = PBXBuildFile; fileRef = 4AD6529517B80AFD002E95CC /* HPBAboutViewController.m */; };
		4ADA58CA1780F2290021CF59 /* Venue.m in Sources */ = {isa = PBXBuildFile; fileRef = 4ADA58C91780F2290021CF59 /* Venue.m */; };
		4ADA58CD1780F22A0021CF59 /* Entry.m in Sources */ = {isa = PBXBuildFile; fileRef = 4ADA58CC1780F22A0021CF59 /* Entry.m */; };
		4ADA58D01780F22A0021CF59 /* Event.m in Sources */ = {isa = PBXBuildFile; fileRef = 4ADA58CF1780F22A0021CF59 /* Event.m */; };
		4ADA58D31780F22A0021CF59 /* Song.m in Sources */ = {isa = PBXBuildFile; fileRef = 4ADA58D21780F22A0021CF59 /* Song.m */; };
		4ADA58D61780F22A0021CF59 /* Band.m in Sources */ = {isa = PBXBuildFile; fileRef = 4ADA58D51780F22A0021CF59 /* Band.m */; };
		4ADA8E1217D45F29009D8F2B /* HPBSongEditViewControllerFactory.m in Sources */ = {isa = PBXBuildFile; fileRef = 4ADA8E1117D45F29009D8F2B /* HPBSongEditViewControllerFactory.m */; };
		825ADF3B9C1FEF3A9E30331F /* libPods-JamNotes.a in Frameworks */ = {isa = PBXBuildFile; fileRef = D166DE5290C9039A249C5D1A /* libPods-JamNotes.a */; };
/* End PBXBuildFile section */

/* Begin PBXContainerItemProxy section */
		429607F3177CB39900F7DF13 /* PBXContainerItemProxy */ = {
			isa = PBXContainerItemProxy;
			containerPortal = 429607B4177CB39800F7DF13 /* Project object */;
			proxyType = 1;
			remoteGlobalIDString = 429607BB177CB39800F7DF13;
			remoteInfo = Setlists;
		};
/* End PBXContainerItemProxy section */

/* Begin PBXFileReference section */
		420A1B00178349B8004FB944 /* HPBEntryDetailViewController.h */ = {isa = PBXFileReference; fileEncoding = 4; lastKnownFileType = sourcecode.c.h; path = HPBEntryDetailViewController.h; sourceTree = "<group>"; };
		420A1B01178349B8004FB944 /* HPBEntryDetailViewController.m */ = {isa = PBXFileReference; fileEncoding = 4; lastKnownFileType = sourcecode.c.objc; path = HPBEntryDetailViewController.m; sourceTree = "<group>"; };
		4236DFA82211124B00C1179A /* Photos.framework */ = {isa = PBXFileReference; lastKnownFileType = wrapper.framework; name = Photos.framework; path = System/Library/Frameworks/Photos.framework; sourceTree = SDKROOT; };
		4236DFAA2213723900C1179A /* HPBCollectionViewCell.h */ = {isa = PBXFileReference; lastKnownFileType = sourcecode.c.h; path = HPBCollectionViewCell.h; sourceTree = "<group>"; };
		4236DFAB2213723900C1179A /* HPBCollectionViewCell.m */ = {isa = PBXFileReference; lastKnownFileType = sourcecode.c.objc; path = HPBCollectionViewCell.m; sourceTree = "<group>"; };
		4236DFAD2213798F00C1179A /* PhotosUI.framework */ = {isa = PBXFileReference; lastKnownFileType = wrapper.framework; name = PhotosUI.framework; path = System/Library/Frameworks/PhotosUI.framework; sourceTree = SDKROOT; };
		4236DFF12214A62900C1179A /* HPBEventPhotosViewController.h */ = {isa = PBXFileReference; lastKnownFileType = sourcecode.c.h; path = HPBEventPhotosViewController.h; sourceTree = "<group>"; };
		4236DFF22214A62900C1179A /* HPBEventPhotosViewController.m */ = {isa = PBXFileReference; lastKnownFileType = sourcecode.c.objc; path = HPBEventPhotosViewController.m; sourceTree = "<group>"; };
		4236DFF42214A99300C1179A /* HPBEventPhotosCollectionViewCell.h */ = {isa = PBXFileReference; lastKnownFileType = sourcecode.c.h; path = HPBEventPhotosCollectionViewCell.h; sourceTree = "<group>"; };
		4236DFF52214A99300C1179A /* HPBEventPhotosCollectionViewCell.m */ = {isa = PBXFileReference; lastKnownFileType = sourcecode.c.objc; path = HPBEventPhotosCollectionViewCell.m; sourceTree = "<group>"; };
		423A47912210D1CD007AE3AB /* Setlists 4.xcdatamodel */ = {isa = PBXFileReference; lastKnownFileType = wrapper.xcdatamodel; path = "Setlists 4.xcdatamodel"; sourceTree = "<group>"; };
		426939E6D9FDEDF1473B052E /* Pods-JamNotes.debug.xcconfig */ = {isa = PBXFileReference; includeInIndex = 1; lastKnownFileType = text.xcconfig; name = "Pods-JamNotes.debug.xcconfig"; path = "Pods/Target Support Files/Pods-JamNotes/Pods-JamNotes.debug.xcconfig"; sourceTree = "<group>"; };
		4288CDB117836DE9008F7D5E /* Setlists 2.xcdatamodel */ = {isa = PBXFileReference; lastKnownFileType = wrapper.xcdatamodel; path = "Setlists 2.xcdatamodel"; sourceTree = "<group>"; };
		429607BC177CB39800F7DF13 /* JamNotes.app */ = {isa = PBXFileReference; explicitFileType = wrapper.application; includeInIndex = 0; path = JamNotes.app; sourceTree = BUILT_PRODUCTS_DIR; };
		429607BF177CB39800F7DF13 /* UIKit.framework */ = {isa = PBXFileReference; lastKnownFileType = wrapper.framework; name = UIKit.framework; path = System/Library/Frameworks/UIKit.framework; sourceTree = SDKROOT; };
		429607C1177CB39800F7DF13 /* Foundation.framework */ = {isa = PBXFileReference; lastKnownFileType = wrapper.framework; name = Foundation.framework; path = System/Library/Frameworks/Foundation.framework; sourceTree = SDKROOT; };
		429607C3177CB39800F7DF13 /* CoreGraphics.framework */ = {isa = PBXFileReference; lastKnownFileType = wrapper.framework; name = CoreGraphics.framework; path = System/Library/Frameworks/CoreGraphics.framework; sourceTree = SDKROOT; };
		429607C5177CB39800F7DF13 /* CoreData.framework */ = {isa = PBXFileReference; lastKnownFileType = wrapper.framework; name = CoreData.framework; path = System/Library/Frameworks/CoreData.framework; sourceTree = SDKROOT; };
		429607C9177CB39800F7DF13 /* JamNotes-Info.plist */ = {isa = PBXFileReference; lastKnownFileType = text.plist.xml; path = "JamNotes-Info.plist"; sourceTree = "<group>"; };
		429607CB177CB39800F7DF13 /* en */ = {isa = PBXFileReference; lastKnownFileType = text.plist.strings; name = en; path = en.lproj/InfoPlist.strings; sourceTree = "<group>"; };
		429607CD177CB39800F7DF13 /* main.m */ = {isa = PBXFileReference; lastKnownFileType = sourcecode.c.objc; path = main.m; sourceTree = "<group>"; };
		429607CF177CB39800F7DF13 /* JamNotes-Prefix.pch */ = {isa = PBXFileReference; lastKnownFileType = sourcecode.c.h; path = "JamNotes-Prefix.pch"; sourceTree = "<group>"; };
		429607D0177CB39800F7DF13 /* HPBAppDelegate.h */ = {isa = PBXFileReference; lastKnownFileType = sourcecode.c.h; path = HPBAppDelegate.h; sourceTree = "<group>"; };
		429607D1177CB39800F7DF13 /* HPBAppDelegate.m */ = {isa = PBXFileReference; lastKnownFileType = sourcecode.c.objc; path = HPBAppDelegate.m; sourceTree = "<group>"; };
		429607DA177CB39800F7DF13 /* en */ = {isa = PBXFileReference; lastKnownFileType = file.storyboard; name = en; path = en.lproj/MainStoryboard_iPhone.storyboard; sourceTree = "<group>"; };
		429607E0177CB39800F7DF13 /* Setlists.xcdatamodel */ = {isa = PBXFileReference; lastKnownFileType = wrapper.xcdatamodel; path = Setlists.xcdatamodel; sourceTree = "<group>"; };
		429607E2177CB39800F7DF13 /* HPBMasterViewController.h */ = {isa = PBXFileReference; lastKnownFileType = sourcecode.c.h; path = HPBMasterViewController.h; sourceTree = "<group>"; };
		429607E3177CB39800F7DF13 /* HPBMasterViewController.m */ = {isa = PBXFileReference; lastKnownFileType = sourcecode.c.objc; path = HPBMasterViewController.m; sourceTree = "<group>"; };
		429607E5177CB39800F7DF13 /* HPBDetailViewController.h */ = {isa = PBXFileReference; lastKnownFileType = sourcecode.c.h; path = HPBDetailViewController.h; sourceTree = "<group>"; };
		429607E6177CB39800F7DF13 /* HPBDetailViewController.m */ = {isa = PBXFileReference; lastKnownFileType = sourcecode.c.objc; path = HPBDetailViewController.m; sourceTree = "<group>"; };
		429607ED177CB39900F7DF13 /* JamNotesTests.octest */ = {isa = PBXFileReference; explicitFileType = wrapper.cfbundle; includeInIndex = 0; path = JamNotesTests.octest; sourceTree = BUILT_PRODUCTS_DIR; };
		429607EE177CB39900F7DF13 /* SenTestingKit.framework */ = {isa = PBXFileReference; lastKnownFileType = wrapper.framework; name = SenTestingKit.framework; path = Library/Frameworks/SenTestingKit.framework; sourceTree = DEVELOPER_DIR; };
		429607F7177CB39900F7DF13 /* JamNotesTests-Info.plist */ = {isa = PBXFileReference; lastKnownFileType = text.plist.xml; path = "JamNotesTests-Info.plist"; sourceTree = "<group>"; };
		429607F9177CB39900F7DF13 /* en */ = {isa = PBXFileReference; lastKnownFileType = text.plist.strings; name = en; path = en.lproj/InfoPlist.strings; sourceTree = "<group>"; };
		429607FB177CB39900F7DF13 /* SetlistsTests.h */ = {isa = PBXFileReference; lastKnownFileType = sourcecode.c.h; path = SetlistsTests.h; sourceTree = "<group>"; };
		429607FC177CB39900F7DF13 /* SetlistsTests.m */ = {isa = PBXFileReference; lastKnownFileType = sourcecode.c.objc; path = SetlistsTests.m; sourceTree = "<group>"; };
		42A76D5D2202B3FD00E003CA /* Images.xcassets */ = {isa = PBXFileReference; lastKnownFileType = folder.assetcatalog; path = Images.xcassets; sourceTree = "<group>"; };
		4A6F3F4917BFAFC700E68022 /* HPBImportSetlistViewController.h */ = {isa = PBXFileReference; fileEncoding = 4; lastKnownFileType = sourcecode.c.h; path = HPBImportSetlistViewController.h; sourceTree = "<group>"; };
		4A6F3F4A17BFAFC700E68022 /* HPBImportSetlistViewController.m */ = {isa = PBXFileReference; fileEncoding = 4; lastKnownFileType = sourcecode.c.objc; path = HPBImportSetlistViewController.m; sourceTree = "<group>"; };
		4A6F3F4C17BFAFE100E68022 /* HPBImportTableCell.h */ = {isa = PBXFileReference; fileEncoding = 4; lastKnownFileType = sourcecode.c.h; path = HPBImportTableCell.h; sourceTree = "<group>"; };
		4A6F3F4D17BFAFE100E68022 /* HPBImportTableCell.m */ = {isa = PBXFileReference; fileEncoding = 4; lastKnownFileType = sourcecode.c.objc; path = HPBImportTableCell.m; sourceTree = "<group>"; };
		4A71195217C04DC900A52BA9 /* SFSetlist.h */ = {isa = PBXFileReference; fileEncoding = 4; lastKnownFileType = sourcecode.c.h; path = SFSetlist.h; sourceTree = "<group>"; };
		4A71195317C04DC900A52BA9 /* SFSetlist.m */ = {isa = PBXFileReference; fileEncoding = 4; lastKnownFileType = sourcecode.c.objc; path = SFSetlist.m; sourceTree = "<group>"; };
		4A9BDFEF17B0072800571FCF /* HPBShowTableCell.h */ = {isa = PBXFileReference; fileEncoding = 4; lastKnownFileType = sourcecode.c.h; path = HPBShowTableCell.h; sourceTree = "<group>"; };
		4A9BDFF017B0072800571FCF /* HPBShowTableCell.m */ = {isa = PBXFileReference; fileEncoding = 4; lastKnownFileType = sourcecode.c.objc; path = HPBShowTableCell.m; sourceTree = "<group>"; };
		4A9BDFF217B00A2200571FCF /* PlaintextSetlist.mustache */ = {isa = PBXFileReference; fileEncoding = 4; lastKnownFileType = text; path = PlaintextSetlist.mustache; sourceTree = "<group>"; };
		4A9BDFF417B00A4B00571FCF /* PlaintextSummarySetlist.mustache */ = {isa = PBXFileReference; fileEncoding = 4; lastKnownFileType = text; path = PlaintextSummarySetlist.mustache; sourceTree = "<group>"; };
		4AA6048E177D0A9F00A1AC47 /* HPBBandSearchViewController.h */ = {isa = PBXFileReference; fileEncoding = 4; lastKnownFileType = sourcecode.c.h; path = HPBBandSearchViewController.h; sourceTree = "<group>"; };
		4AA6048F177D0A9F00A1AC47 /* HPBBandSearchViewController.m */ = {isa = PBXFileReference; fileEncoding = 4; lastKnownFileType = sourcecode.c.objc; path = HPBBandSearchViewController.m; sourceTree = "<group>"; };
		4AA60491177D0C7800A1AC47 /* HPBVenueSearchViewController.h */ = {isa = PBXFileReference; fileEncoding = 4; lastKnownFileType = sourcecode.c.h; path = HPBVenueSearchViewController.h; sourceTree = "<group>"; };
		4AA60492177D0C7800A1AC47 /* HPBVenueSearchViewController.m */ = {isa = PBXFileReference; fileEncoding = 4; lastKnownFileType = sourcecode.c.objc; path = HPBVenueSearchViewController.m; sourceTree = "<group>"; };
		4AA60494177D0DDF00A1AC47 /* HPBSongSearchViewController.h */ = {isa = PBXFileReference; fileEncoding = 4; lastKnownFileType = sourcecode.c.h; path = HPBSongSearchViewController.h; sourceTree = "<group>"; };
		4AA60495177D0DDF00A1AC47 /* HPBSongSearchViewController.m */ = {isa = PBXFileReference; fileEncoding = 4; lastKnownFileType = sourcecode.c.objc; path = HPBSongSearchViewController.m; sourceTree = "<group>"; };
		4ABDBCBE1792EA000032A4A7 /* ATSDragToReorderTableViewController.h */ = {isa = PBXFileReference; fileEncoding = 4; lastKnownFileType = sourcecode.c.h; name = ATSDragToReorderTableViewController.h; path = ReorderingTableViewController/ATSDragToReorderTableViewController.h; sourceTree = "<group>"; };
		4ABDBCBF1792EA000032A4A7 /* ATSDragToReorderTableViewController.m */ = {isa = PBXFileReference; fileEncoding = 4; lastKnownFileType = sourcecode.c.objc; name = ATSDragToReorderTableViewController.m; path = ReorderingTableViewController/ATSDragToReorderTableViewController.m; sourceTree = "<group>"; };
		4ABDBCC31792ED590032A4A7 /* QuartzCore.framework */ = {isa = PBXFileReference; lastKnownFileType = wrapper.framework; name = QuartzCore.framework; path = System/Library/Frameworks/QuartzCore.framework; sourceTree = SDKROOT; };
		4AC2B717179E1DBB0086B8D6 /* Setlists 3.xcdatamodel */ = {isa = PBXFileReference; lastKnownFileType = wrapper.xcdatamodel; path = "Setlists 3.xcdatamodel"; sourceTree = "<group>"; };
		4AD6529417B80AFD002E95CC /* HPBAboutViewController.h */ = {isa = PBXFileReference; fileEncoding = 4; lastKnownFileType = sourcecode.c.h; path = HPBAboutViewController.h; sourceTree = "<group>"; };
		4AD6529517B80AFD002E95CC /* HPBAboutViewController.m */ = {isa = PBXFileReference; fileEncoding = 4; lastKnownFileType = sourcecode.c.objc; path = HPBAboutViewController.m; sourceTree = "<group>"; };
		4ADA58C81780F2290021CF59 /* Venue.h */ = {isa = PBXFileReference; fileEncoding = 4; lastKnownFileType = sourcecode.c.h; path = Venue.h; sourceTree = "<group>"; };
		4ADA58C91780F2290021CF59 /* Venue.m */ = {isa = PBXFileReference; fileEncoding = 4; lastKnownFileType = sourcecode.c.objc; path = Venue.m; sourceTree = "<group>"; };
		4ADA58CB1780F22A0021CF59 /* Entry.h */ = {isa = PBXFileReference; fileEncoding = 4; lastKnownFileType = sourcecode.c.h; path = Entry.h; sourceTree = "<group>"; };
		4ADA58CC1780F22A0021CF59 /* Entry.m */ = {isa = PBXFileReference; fileEncoding = 4; lastKnownFileType = sourcecode.c.objc; path = Entry.m; sourceTree = "<group>"; };
		4ADA58CE1780F22A0021CF59 /* Event.h */ = {isa = PBXFileReference; fileEncoding = 4; lastKnownFileType = sourcecode.c.h; path = Event.h; sourceTree = "<group>"; };
		4ADA58CF1780F22A0021CF59 /* Event.m */ = {isa = PBXFileReference; fileEncoding = 4; lastKnownFileType = sourcecode.c.objc; path = Event.m; sourceTree = "<group>"; };
		4ADA58D11780F22A0021CF59 /* Song.h */ = {isa = PBXFileReference; fileEncoding = 4; lastKnownFileType = sourcecode.c.h; path = Song.h; sourceTree = "<group>"; };
		4ADA58D21780F22A0021CF59 /* Song.m */ = {isa = PBXFileReference; fileEncoding = 4; lastKnownFileType = sourcecode.c.objc; path = Song.m; sourceTree = "<group>"; };
		4ADA58D41780F22A0021CF59 /* Band.h */ = {isa = PBXFileReference; fileEncoding = 4; lastKnownFileType = sourcecode.c.h; path = Band.h; sourceTree = "<group>"; };
		4ADA58D51780F22A0021CF59 /* Band.m */ = {isa = PBXFileReference; fileEncoding = 4; lastKnownFileType = sourcecode.c.objc; path = Band.m; sourceTree = "<group>"; };
		4ADA8E1017D45F29009D8F2B /* HPBSongEditViewControllerFactory.h */ = {isa = PBXFileReference; fileEncoding = 4; lastKnownFileType = sourcecode.c.h; path = HPBSongEditViewControllerFactory.h; sourceTree = "<group>"; };
		4ADA8E1117D45F29009D8F2B /* HPBSongEditViewControllerFactory.m */ = {isa = PBXFileReference; fileEncoding = 4; lastKnownFileType = sourcecode.c.objc; path = HPBSongEditViewControllerFactory.m; sourceTree = "<group>"; };
		B2073EDD89B38D928B3A58E3 /* Pods-JamNotes.release.xcconfig */ = {isa = PBXFileReference; includeInIndex = 1; lastKnownFileType = text.xcconfig; name = "Pods-JamNotes.release.xcconfig"; path = "Pods/Target Support Files/Pods-JamNotes/Pods-JamNotes.release.xcconfig"; sourceTree = "<group>"; };
		D166DE5290C9039A249C5D1A /* libPods-JamNotes.a */ = {isa = PBXFileReference; explicitFileType = archive.ar; includeInIndex = 0; path = "libPods-JamNotes.a"; sourceTree = BUILT_PRODUCTS_DIR; };
/* End PBXFileReference section */

/* Begin PBXFrameworksBuildPhase section */
		429607B9177CB39800F7DF13 /* Frameworks */ = {
			isa = PBXFrameworksBuildPhase;
			buildActionMask = 2147483647;
			files = (
				4236DFAE2213798F00C1179A /* PhotosUI.framework in Frameworks */,
				4236DFA92211124C00C1179A /* Photos.framework in Frameworks */,
				4ABDBCC41792ED590032A4A7 /* QuartzCore.framework in Frameworks */,
				429607C0177CB39800F7DF13 /* UIKit.framework in Frameworks */,
				429607C2177CB39800F7DF13 /* Foundation.framework in Frameworks */,
				429607C4177CB39800F7DF13 /* CoreGraphics.framework in Frameworks */,
				429607C6177CB39800F7DF13 /* CoreData.framework in Frameworks */,
				825ADF3B9C1FEF3A9E30331F /* libPods-JamNotes.a in Frameworks */,
			);
			runOnlyForDeploymentPostprocessing = 0;
		};
		429607E9177CB39900F7DF13 /* Frameworks */ = {
			isa = PBXFrameworksBuildPhase;
			buildActionMask = 2147483647;
			files = (
				429607EF177CB39900F7DF13 /* SenTestingKit.framework in Frameworks */,
				429607F0177CB39900F7DF13 /* UIKit.framework in Frameworks */,
				429607F1177CB39900F7DF13 /* Foundation.framework in Frameworks */,
				429607F2177CB39900F7DF13 /* CoreData.framework in Frameworks */,
			);
			runOnlyForDeploymentPostprocessing = 0;
		};
/* End PBXFrameworksBuildPhase section */

/* Begin PBXGroup section */
		4236DFF02214A5DE00C1179A /* Event Media */ = {
			isa = PBXGroup;
			children = (
				4236DFF42214A99300C1179A /* HPBEventPhotosCollectionViewCell.h */,
				4236DFF52214A99300C1179A /* HPBEventPhotosCollectionViewCell.m */,
				4236DFF12214A62900C1179A /* HPBEventPhotosViewController.h */,
				4236DFF22214A62900C1179A /* HPBEventPhotosViewController.m */,
			);
			name = "Event Media";
			sourceTree = "<group>";
		};
		429607B3177CB39800F7DF13 = {
			isa = PBXGroup;
			children = (
				429607C7177CB39800F7DF13 /* JamNotes */,
				429607F5177CB39900F7DF13 /* JamNotesTests */,
				4ABDBCC21792EA0E0032A4A7 /* ATSDragToReorderTableViewController */,
				429607BE177CB39800F7DF13 /* Frameworks */,
				429607BD177CB39800F7DF13 /* Products */,
				FAB8B0B4BC14C3D3C155328A /* Pods */,
			);
			sourceTree = "<group>";
		};
		429607BD177CB39800F7DF13 /* Products */ = {
			isa = PBXGroup;
			children = (
				429607BC177CB39800F7DF13 /* JamNotes.app */,
				429607ED177CB39900F7DF13 /* JamNotesTests.octest */,
			);
			name = Products;
			sourceTree = "<group>";
		};
		429607BE177CB39800F7DF13 /* Frameworks */ = {
			isa = PBXGroup;
			children = (
				4236DFAD2213798F00C1179A /* PhotosUI.framework */,
				4236DFA82211124B00C1179A /* Photos.framework */,
				429607BF177CB39800F7DF13 /* UIKit.framework */,
				429607C1177CB39800F7DF13 /* Foundation.framework */,
				429607C3177CB39800F7DF13 /* CoreGraphics.framework */,
				429607C5177CB39800F7DF13 /* CoreData.framework */,
				429607EE177CB39900F7DF13 /* SenTestingKit.framework */,
				4ABDBCC31792ED590032A4A7 /* QuartzCore.framework */,
				D166DE5290C9039A249C5D1A /* libPods-JamNotes.a */,
			);
			name = Frameworks;
			sourceTree = "<group>";
		};
		429607C7177CB39800F7DF13 /* JamNotes */ = {
			isa = PBXGroup;
			children = (
				429607D0177CB39800F7DF13 /* HPBAppDelegate.h */,
				429607D1177CB39800F7DF13 /* HPBAppDelegate.m */,
				429607D9177CB39800F7DF13 /* MainStoryboard_iPhone.storyboard */,
				429607E2177CB39800F7DF13 /* HPBMasterViewController.h */,
				429607E3177CB39800F7DF13 /* HPBMasterViewController.m */,
				4A9BDFEF17B0072800571FCF /* HPBShowTableCell.h */,
				4A9BDFF017B0072800571FCF /* HPBShowTableCell.m */,
				429607E5177CB39800F7DF13 /* HPBDetailViewController.h */,
				429607E6177CB39800F7DF13 /* HPBDetailViewController.m */,
				4236DFAA2213723900C1179A /* HPBCollectionViewCell.h */,
				4236DFAB2213723900C1179A /* HPBCollectionViewCell.m */,
				420A1B00178349B8004FB944 /* HPBEntryDetailViewController.h */,
				420A1B01178349B8004FB944 /* HPBEntryDetailViewController.m */,
				4AD6529417B80AFD002E95CC /* HPBAboutViewController.h */,
				4AD6529517B80AFD002E95CC /* HPBAboutViewController.m */,
				4236DFF02214A5DE00C1179A /* Event Media */,
				4ADA8E1317D45F2E009D8F2B /* Edit Forms */,
				4ADA58C117809D2D0021CF59 /* Search */,
				4A6F3F4817BFAF9C00E68022 /* Import */,
				42960812177CB62700F7DF13 /* Data Model */,
				4AC2B9C017A1F90700D1CBD9 /* Templates */,
				429607C8177CB39800F7DF13 /* Supporting Files */,
			);
			name = JamNotes;
			path = Setlists;
			sourceTree = "<group>";
		};
		429607C8177CB39800F7DF13 /* Supporting Files */ = {
			isa = PBXGroup;
			children = (
				429607C9177CB39800F7DF13 /* JamNotes-Info.plist */,
				429607CA177CB39800F7DF13 /* InfoPlist.strings */,
				429607CD177CB39800F7DF13 /* main.m */,
				429607CF177CB39800F7DF13 /* JamNotes-Prefix.pch */,
				42A76D5D2202B3FD00E003CA /* Images.xcassets */,
			);
			name = "Supporting Files";
			sourceTree = "<group>";
		};
		429607F5177CB39900F7DF13 /* JamNotesTests */ = {
			isa = PBXGroup;
			children = (
				429607FB177CB39900F7DF13 /* SetlistsTests.h */,
				429607FC177CB39900F7DF13 /* SetlistsTests.m */,
				429607F6177CB39900F7DF13 /* Supporting Files */,
			);
			name = JamNotesTests;
			path = SetlistsTests;
			sourceTree = "<group>";
		};
		429607F6177CB39900F7DF13 /* Supporting Files */ = {
			isa = PBXGroup;
			children = (
				429607F7177CB39900F7DF13 /* JamNotesTests-Info.plist */,
				429607F8177CB39900F7DF13 /* InfoPlist.strings */,
			);
			name = "Supporting Files";
			sourceTree = "<group>";
		};
		42960812177CB62700F7DF13 /* Data Model */ = {
			isa = PBXGroup;
			children = (
				429607DF177CB39800F7DF13 /* Setlists.xcdatamodeld */,
				4ADA58CB1780F22A0021CF59 /* Entry.h */,
				4ADA58CC1780F22A0021CF59 /* Entry.m */,
				4ADA58D41780F22A0021CF59 /* Band.h */,
				4ADA58D51780F22A0021CF59 /* Band.m */,
				4ADA58D11780F22A0021CF59 /* Song.h */,
				4ADA58D21780F22A0021CF59 /* Song.m */,
				4ADA58CE1780F22A0021CF59 /* Event.h */,
				4ADA58CF1780F22A0021CF59 /* Event.m */,
				4ADA58C81780F2290021CF59 /* Venue.h */,
				4ADA58C91780F2290021CF59 /* Venue.m */,
			);
			name = "Data Model";
			sourceTree = "<group>";
		};
		4A6F3F4817BFAF9C00E68022 /* Import */ = {
			isa = PBXGroup;
			children = (
				4A6F3F4917BFAFC700E68022 /* HPBImportSetlistViewController.h */,
				4A6F3F4A17BFAFC700E68022 /* HPBImportSetlistViewController.m */,
				4A6F3F4C17BFAFE100E68022 /* HPBImportTableCell.h */,
				4A6F3F4D17BFAFE100E68022 /* HPBImportTableCell.m */,
				4A71195217C04DC900A52BA9 /* SFSetlist.h */,
				4A71195317C04DC900A52BA9 /* SFSetlist.m */,
			);
			name = Import;
			sourceTree = "<group>";
		};
		4ABDBCC21792EA0E0032A4A7 /* ATSDragToReorderTableViewController */ = {
			isa = PBXGroup;
			children = (
				4ABDBCBE1792EA000032A4A7 /* ATSDragToReorderTableViewController.h */,
				4ABDBCBF1792EA000032A4A7 /* ATSDragToReorderTableViewController.m */,
			);
			name = ATSDragToReorderTableViewController;
			sourceTree = "<group>";
		};
		4AC2B9C017A1F90700D1CBD9 /* Templates */ = {
			isa = PBXGroup;
			children = (
				4A9BDFF217B00A2200571FCF /* PlaintextSetlist.mustache */,
				4A9BDFF417B00A4B00571FCF /* PlaintextSummarySetlist.mustache */,
			);
			name = Templates;
			sourceTree = "<group>";
		};
		4ADA58C117809D2D0021CF59 /* Search */ = {
			isa = PBXGroup;
			children = (
				4AA6048E177D0A9F00A1AC47 /* HPBBandSearchViewController.h */,
				4AA6048F177D0A9F00A1AC47 /* HPBBandSearchViewController.m */,
				4AA60491177D0C7800A1AC47 /* HPBVenueSearchViewController.h */,
				4AA60492177D0C7800A1AC47 /* HPBVenueSearchViewController.m */,
				4AA60494177D0DDF00A1AC47 /* HPBSongSearchViewController.h */,
				4AA60495177D0DDF00A1AC47 /* HPBSongSearchViewController.m */,
			);
			name = Search;
			sourceTree = "<group>";
		};
		4ADA8E1317D45F2E009D8F2B /* Edit Forms */ = {
			isa = PBXGroup;
			children = (
				4ADA8E1017D45F29009D8F2B /* HPBSongEditViewControllerFactory.h */,
				4ADA8E1117D45F29009D8F2B /* HPBSongEditViewControllerFactory.m */,
			);
			name = "Edit Forms";
			sourceTree = "<group>";
		};
		FAB8B0B4BC14C3D3C155328A /* Pods */ = {
			isa = PBXGroup;
			children = (
				426939E6D9FDEDF1473B052E /* Pods-JamNotes.debug.xcconfig */,
				B2073EDD89B38D928B3A58E3 /* Pods-JamNotes.release.xcconfig */,
			);
			name = Pods;
			sourceTree = "<group>";
		};
/* End PBXGroup section */

/* Begin PBXNativeTarget section */
		429607BB177CB39800F7DF13 /* JamNotes */ = {
			isa = PBXNativeTarget;
			buildConfigurationList = 42960800177CB39900F7DF13 /* Build configuration list for PBXNativeTarget "JamNotes" */;
			buildPhases = (
				36C4D5B08F0023A62CBF3460 /* [CP] Check Pods Manifest.lock */,
				429607B8177CB39800F7DF13 /* Sources */,
				429607B9177CB39800F7DF13 /* Frameworks */,
				429607BA177CB39800F7DF13 /* Resources */,
				C1DA2ED3A79588C4631F0EE8 /* [CP] Copy Pods Resources */,
			);
			buildRules = (
			);
			dependencies = (
			);
			name = JamNotes;
			productName = Setlists;
			productReference = 429607BC177CB39800F7DF13 /* JamNotes.app */;
			productType = "com.apple.product-type.application";
		};
		429607EC177CB39900F7DF13 /* JamNotesTests */ = {
			isa = PBXNativeTarget;
			buildConfigurationList = 42960803177CB39900F7DF13 /* Build configuration list for PBXNativeTarget "JamNotesTests" */;
			buildPhases = (
				429607E8177CB39900F7DF13 /* Sources */,
				429607E9177CB39900F7DF13 /* Frameworks */,
				429607EA177CB39900F7DF13 /* Resources */,
				429607EB177CB39900F7DF13 /* ShellScript */,
			);
			buildRules = (
			);
			dependencies = (
				429607F4177CB39900F7DF13 /* PBXTargetDependency */,
			);
			name = JamNotesTests;
			productName = SetlistsTests;
			productReference = 429607ED177CB39900F7DF13 /* JamNotesTests.octest */;
			productType = "com.apple.product-type.bundle";
		};
/* End PBXNativeTarget section */

/* Begin PBXProject section */
		429607B4177CB39800F7DF13 /* Project object */ = {
			isa = PBXProject;
			attributes = {
				CLASSPREFIX = HPB;
				LastUpgradeCheck = 1010;
				ORGANIZATIONNAME = "Phil Christensen";
				TargetAttributes = {
					429607BB177CB39800F7DF13 = {
						DevelopmentTeam = 4VH5X5UUF7;
					};
				};
			};
			buildConfigurationList = 429607B7177CB39800F7DF13 /* Build configuration list for PBXProject "JamNotes" */;
			compatibilityVersion = "Xcode 3.2";
			developmentRegion = English;
			hasScannedForEncodings = 0;
			knownRegions = (
				en,
			);
			mainGroup = 429607B3177CB39800F7DF13;
			productRefGroup = 429607BD177CB39800F7DF13 /* Products */;
			projectDirPath = "";
			projectRoot = "";
			targets = (
				429607BB177CB39800F7DF13 /* JamNotes */,
				429607EC177CB39900F7DF13 /* JamNotesTests */,
			);
		};
/* End PBXProject section */

/* Begin PBXResourcesBuildPhase section */
		429607BA177CB39800F7DF13 /* Resources */ = {
			isa = PBXResourcesBuildPhase;
			buildActionMask = 2147483647;
			files = (
				429607CC177CB39800F7DF13 /* InfoPlist.strings in Resources */,
				429607DB177CB39800F7DF13 /* MainStoryboard_iPhone.storyboard in Resources */,
				4A9BDFF317B00A2200571FCF /* PlaintextSetlist.mustache in Resources */,
				4A9BDFF517B00A4B00571FCF /* PlaintextSummarySetlist.mustache in Resources */,
				42A76D5E2202B3FD00E003CA /* Images.xcassets in Resources */,
			);
			runOnlyForDeploymentPostprocessing = 0;
		};
		429607EA177CB39900F7DF13 /* Resources */ = {
			isa = PBXResourcesBuildPhase;
			buildActionMask = 2147483647;
			files = (
				429607FA177CB39900F7DF13 /* InfoPlist.strings in Resources */,
			);
			runOnlyForDeploymentPostprocessing = 0;
		};
/* End PBXResourcesBuildPhase section */

/* Begin PBXShellScriptBuildPhase section */
		36C4D5B08F0023A62CBF3460 /* [CP] Check Pods Manifest.lock */ = {
			isa = PBXShellScriptBuildPhase;
			buildActionMask = 2147483647;
			files = (
			);
			inputFileListPaths = (
			);
			inputPaths = (
				"${PODS_PODFILE_DIR_PATH}/Podfile.lock",
				"${PODS_ROOT}/Manifest.lock",
			);
			name = "[CP] Check Pods Manifest.lock";
			outputFileListPaths = (
			);
			outputPaths = (
				"$(DERIVED_FILE_DIR)/Pods-JamNotes-checkManifestLockResult.txt",
			);
			runOnlyForDeploymentPostprocessing = 0;
			shellPath = /bin/sh;
			shellScript = "diff \"${PODS_PODFILE_DIR_PATH}/Podfile.lock\" \"${PODS_ROOT}/Manifest.lock\" > /dev/null\nif [ $? != 0 ] ; then\n    # print error to STDERR\n    echo \"error: The sandbox is not in sync with the Podfile.lock. Run 'pod install' or update your CocoaPods installation.\" >&2\n    exit 1\nfi\n# This output is used by Xcode 'outputs' to avoid re-running this script phase.\necho \"SUCCESS\" > \"${SCRIPT_OUTPUT_FILE_0}\"\n";
			showEnvVarsInLog = 0;
		};
		429607EB177CB39900F7DF13 /* ShellScript */ = {
			isa = PBXShellScriptBuildPhase;
			buildActionMask = 2147483647;
			files = (
			);
			inputPaths = (
			);
			outputPaths = (
			);
			runOnlyForDeploymentPostprocessing = 0;
			shellPath = /bin/sh;
			shellScript = "# Run the unit tests in this test bundle.\n\"${SYSTEM_DEVELOPER_DIR}/Tools/RunUnitTests\"\n";
		};
		C1DA2ED3A79588C4631F0EE8 /* [CP] Copy Pods Resources */ = {
			isa = PBXShellScriptBuildPhase;
			buildActionMask = 2147483647;
			files = (
			);
			inputFileListPaths = (
			);
			inputPaths = (
				"${SRCROOT}/Pods/Target Support Files/Pods-JamNotes/Pods-JamNotes-resources.sh",
				"${PODS_ROOT}/MediaBrowser/MediaBrowser/MediaBrowser.xcassets",
				"${PODS_ROOT}/TDSemiModal/Source/TDDatePickerController.xib",
			);
			name = "[CP] Copy Pods Resources";
			outputFileListPaths = (
			);
			outputPaths = (
				"${TARGET_BUILD_DIR}/${UNLOCALIZED_RESOURCES_FOLDER_PATH}/Assets.car",
				"${TARGET_BUILD_DIR}/${UNLOCALIZED_RESOURCES_FOLDER_PATH}/TDDatePickerController.nib",
			);
			runOnlyForDeploymentPostprocessing = 0;
			shellPath = /bin/sh;
			shellScript = "\"${SRCROOT}/Pods/Target Support Files/Pods-JamNotes/Pods-JamNotes-resources.sh\"\n";
			showEnvVarsInLog = 0;
		};
/* End PBXShellScriptBuildPhase section */

/* Begin PBXSourcesBuildPhase section */
		429607B8177CB39800F7DF13 /* Sources */ = {
			isa = PBXSourcesBuildPhase;
			buildActionMask = 2147483647;
			files = (
				429607CE177CB39800F7DF13 /* main.m in Sources */,
				429607D2177CB39800F7DF13 /* HPBAppDelegate.m in Sources */,
				429607E1177CB39800F7DF13 /* Setlists.xcdatamodeld in Sources */,
				4236DFF62214A99400C1179A /* HPBEventPhotosCollectionViewCell.m in Sources */,
				4236DFF32214A62900C1179A /* HPBEventPhotosViewController.m in Sources */,
				429607E4177CB39800F7DF13 /* HPBMasterViewController.m in Sources */,
				429607E7177CB39800F7DF13 /* HPBDetailViewController.m in Sources */,
				4AA60490177D0A9F00A1AC47 /* HPBBandSearchViewController.m in Sources */,
				4AA60493177D0C7800A1AC47 /* HPBVenueSearchViewController.m in Sources */,
				4236DFAC2213723900C1179A /* HPBCollectionViewCell.m in Sources */,
				4AA60496177D0DDF00A1AC47 /* HPBSongSearchViewController.m in Sources */,
				4ADA58CA1780F2290021CF59 /* Venue.m in Sources */,
				4ADA58CD1780F22A0021CF59 /* Entry.m in Sources */,
				4ADA58D01780F22A0021CF59 /* Event.m in Sources */,
				4ADA58D31780F22A0021CF59 /* Song.m in Sources */,
				4ADA58D61780F22A0021CF59 /* Band.m in Sources */,
				420A1B02178349B8004FB944 /* HPBEntryDetailViewController.m in Sources */,
				4ABDBCC01792EA000032A4A7 /* ATSDragToReorderTableViewController.m in Sources */,
				4A9BDFF117B0072800571FCF /* HPBShowTableCell.m in Sources */,
				4AD6529617B80AFD002E95CC /* HPBAboutViewController.m in Sources */,
				4A6F3F4B17BFAFC700E68022 /* HPBImportSetlistViewController.m in Sources */,
				4A6F3F4E17BFAFE100E68022 /* HPBImportTableCell.m in Sources */,
				4A71195417C04DC900A52BA9 /* SFSetlist.m in Sources */,
				4ADA8E1217D45F29009D8F2B /* HPBSongEditViewControllerFactory.m in Sources */,
			);
			runOnlyForDeploymentPostprocessing = 0;
		};
		429607E8177CB39900F7DF13 /* Sources */ = {
			isa = PBXSourcesBuildPhase;
			buildActionMask = 2147483647;
			files = (
				429607FD177CB39900F7DF13 /* SetlistsTests.m in Sources */,
			);
			runOnlyForDeploymentPostprocessing = 0;
		};
/* End PBXSourcesBuildPhase section */

/* Begin PBXTargetDependency section */
		429607F4177CB39900F7DF13 /* PBXTargetDependency */ = {
			isa = PBXTargetDependency;
			target = 429607BB177CB39800F7DF13 /* JamNotes */;
			targetProxy = 429607F3177CB39900F7DF13 /* PBXContainerItemProxy */;
		};
/* End PBXTargetDependency section */

/* Begin PBXVariantGroup section */
		429607CA177CB39800F7DF13 /* InfoPlist.strings */ = {
			isa = PBXVariantGroup;
			children = (
				429607CB177CB39800F7DF13 /* en */,
			);
			name = InfoPlist.strings;
			sourceTree = "<group>";
		};
		429607D9177CB39800F7DF13 /* MainStoryboard_iPhone.storyboard */ = {
			isa = PBXVariantGroup;
			children = (
				429607DA177CB39800F7DF13 /* en */,
			);
			name = MainStoryboard_iPhone.storyboard;
			sourceTree = "<group>";
		};
		429607F8177CB39900F7DF13 /* InfoPlist.strings */ = {
			isa = PBXVariantGroup;
			children = (
				429607F9177CB39900F7DF13 /* en */,
			);
			name = InfoPlist.strings;
			sourceTree = "<group>";
		};
/* End PBXVariantGroup section */

/* Begin XCBuildConfiguration section */
		429607FE177CB39900F7DF13 /* Debug */ = {
			isa = XCBuildConfiguration;
			buildSettings = {
				ALWAYS_SEARCH_USER_PATHS = NO;
				CLANG_CXX_LANGUAGE_STANDARD = "gnu++0x";
				CLANG_CXX_LIBRARY = "libc++";
				CLANG_ENABLE_OBJC_ARC = YES;
				CLANG_WARN_BLOCK_CAPTURE_AUTORELEASING = YES;
				CLANG_WARN_BOOL_CONVERSION = YES;
				CLANG_WARN_COMMA = YES;
				CLANG_WARN_CONSTANT_CONVERSION = YES;
				CLANG_WARN_DEPRECATED_OBJC_IMPLEMENTATIONS = YES;
				CLANG_WARN_EMPTY_BODY = YES;
				CLANG_WARN_ENUM_CONVERSION = YES;
				CLANG_WARN_INFINITE_RECURSION = YES;
				CLANG_WARN_INT_CONVERSION = YES;
				CLANG_WARN_NON_LITERAL_NULL_CONVERSION = YES;
				CLANG_WARN_OBJC_IMPLICIT_RETAIN_SELF = YES;
				CLANG_WARN_OBJC_LITERAL_CONVERSION = YES;
				CLANG_WARN_RANGE_LOOP_ANALYSIS = YES;
				CLANG_WARN_STRICT_PROTOTYPES = YES;
				CLANG_WARN_SUSPICIOUS_MOVE = YES;
				CLANG_WARN_UNREACHABLE_CODE = YES;
				CLANG_WARN__DUPLICATE_METHOD_MATCH = YES;
				"CODE_SIGN_IDENTITY[sdk=iphoneos*]" = "iPhone Developer";
				COPY_PHASE_STRIP = NO;
				ENABLE_STRICT_OBJC_MSGSEND = YES;
				ENABLE_TESTABILITY = YES;
				GCC_C_LANGUAGE_STANDARD = gnu99;
				GCC_DYNAMIC_NO_PIC = NO;
				GCC_NO_COMMON_BLOCKS = YES;
				GCC_OPTIMIZATION_LEVEL = 0;
				GCC_PREPROCESSOR_DEFINITIONS = (
					"DEBUG=1",
					"$(inherited)",
				);
				GCC_SYMBOLS_PRIVATE_EXTERN = NO;
				GCC_WARN_64_TO_32_BIT_CONVERSION = YES;
				GCC_WARN_ABOUT_RETURN_TYPE = YES;
				GCC_WARN_UNDECLARED_SELECTOR = YES;
				GCC_WARN_UNINITIALIZED_AUTOS = YES;
				GCC_WARN_UNUSED_FUNCTION = YES;
				GCC_WARN_UNUSED_VARIABLE = YES;
				HEADER_SEARCH_PATHS = "";
				IPHONEOS_DEPLOYMENT_TARGET = 12.1;
				ONLY_ACTIVE_ARCH = YES;
				SDKROOT = iphoneos;
				TARGETED_DEVICE_FAMILY = "1,2";
			};
			name = Debug;
		};
		429607FF177CB39900F7DF13 /* Release */ = {
			isa = XCBuildConfiguration;
			buildSettings = {
				ALWAYS_SEARCH_USER_PATHS = NO;
				CLANG_CXX_LANGUAGE_STANDARD = "gnu++0x";
				CLANG_CXX_LIBRARY = "libc++";
				CLANG_ENABLE_OBJC_ARC = YES;
				CLANG_WARN_BLOCK_CAPTURE_AUTORELEASING = YES;
				CLANG_WARN_BOOL_CONVERSION = YES;
				CLANG_WARN_COMMA = YES;
				CLANG_WARN_CONSTANT_CONVERSION = YES;
				CLANG_WARN_DEPRECATED_OBJC_IMPLEMENTATIONS = YES;
				CLANG_WARN_EMPTY_BODY = YES;
				CLANG_WARN_ENUM_CONVERSION = YES;
				CLANG_WARN_INFINITE_RECURSION = YES;
				CLANG_WARN_INT_CONVERSION = YES;
				CLANG_WARN_NON_LITERAL_NULL_CONVERSION = YES;
				CLANG_WARN_OBJC_IMPLICIT_RETAIN_SELF = YES;
				CLANG_WARN_OBJC_LITERAL_CONVERSION = YES;
				CLANG_WARN_RANGE_LOOP_ANALYSIS = YES;
				CLANG_WARN_STRICT_PROTOTYPES = YES;
				CLANG_WARN_SUSPICIOUS_MOVE = YES;
				CLANG_WARN_UNREACHABLE_CODE = YES;
				CLANG_WARN__DUPLICATE_METHOD_MATCH = YES;
				"CODE_SIGN_IDENTITY[sdk=iphoneos*]" = "iPhone Developer";
				COPY_PHASE_STRIP = YES;
				ENABLE_STRICT_OBJC_MSGSEND = YES;
				GCC_C_LANGUAGE_STANDARD = gnu99;
				GCC_NO_COMMON_BLOCKS = YES;
				GCC_WARN_64_TO_32_BIT_CONVERSION = YES;
				GCC_WARN_ABOUT_RETURN_TYPE = YES;
				GCC_WARN_UNDECLARED_SELECTOR = YES;
				GCC_WARN_UNINITIALIZED_AUTOS = YES;
				GCC_WARN_UNUSED_FUNCTION = YES;
				GCC_WARN_UNUSED_VARIABLE = YES;
				HEADER_SEARCH_PATHS = "";
				IPHONEOS_DEPLOYMENT_TARGET = 12.1;
				OTHER_CFLAGS = "-DNS_BLOCK_ASSERTIONS=1";
				SDKROOT = iphoneos;
				TARGETED_DEVICE_FAMILY = "1,2";
				VALIDATE_PRODUCT = YES;
			};
			name = Release;
		};
		42960801177CB39900F7DF13 /* Debug */ = {
			isa = XCBuildConfiguration;
			baseConfigurationReference = 426939E6D9FDEDF1473B052E /* Pods-JamNotes.debug.xcconfig */;
			buildSettings = {
				ASSETCATALOG_COMPILER_APPICON_NAME = AppIcon;
				ASSETCATALOG_COMPILER_LAUNCHIMAGE_NAME = LaunchImage;
				CODE_SIGN_IDENTITY = "iPhone Developer";
				GCC_PRECOMPILE_PREFIX_HEADER = YES;
				GCC_PREFIX_HEADER = "Setlists/JamNotes-Prefix.pch";
				INFOPLIST_FILE = "Setlists/JamNotes-Info.plist";
				IPHONEOS_DEPLOYMENT_TARGET = 12.1;
				PRODUCT_BUNDLE_IDENTIFIER = "org.bubblehouse.${PRODUCT_NAME:rfc1034identifier}";
				PRODUCT_NAME = JamNotes;
				TARGETED_DEVICE_FAMILY = 1;
				WRAPPER_EXTENSION = app;
			};
			name = Debug;
		};
		42960802177CB39900F7DF13 /* Release */ = {
			isa = XCBuildConfiguration;
			baseConfigurationReference = B2073EDD89B38D928B3A58E3 /* Pods-JamNotes.release.xcconfig */;
			buildSettings = {
				ASSETCATALOG_COMPILER_APPICON_NAME = AppIcon;
				ASSETCATALOG_COMPILER_LAUNCHIMAGE_NAME = LaunchImage;
				CODE_SIGN_IDENTITY = "iPhone Developer";
				GCC_PRECOMPILE_PREFIX_HEADER = YES;
				GCC_PREFIX_HEADER = "Setlists/JamNotes-Prefix.pch";
				INFOPLIST_FILE = "Setlists/JamNotes-Info.plist";
				IPHONEOS_DEPLOYMENT_TARGET = 12.1;
				PRODUCT_BUNDLE_IDENTIFIER = "org.bubblehouse.${PRODUCT_NAME:rfc1034identifier}";
				PRODUCT_NAME = JamNotes;
				TARGETED_DEVICE_FAMILY = 1;
				WRAPPER_EXTENSION = app;
			};
			name = Release;
		};
		42960804177CB39900F7DF13 /* Debug */ = {
			isa = XCBuildConfiguration;
			buildSettings = {
				BUNDLE_LOADER = "$(BUILT_PRODUCTS_DIR)/Setlists.app/Setlists";
				FRAMEWORK_SEARCH_PATHS = (
					"\"$(SDKROOT)/Developer/Library/Frameworks\"",
					"\"$(DEVELOPER_LIBRARY_DIR)/Frameworks\"",
				);
				GCC_PRECOMPILE_PREFIX_HEADER = YES;
				GCC_PREFIX_HEADER = "Setlists/Setlists-Prefix.pch";
				INFOPLIST_FILE = "SetlistsTests/JamNotesTests-Info.plist";
				PRODUCT_BUNDLE_IDENTIFIER = "org.bubblehouse.${PRODUCT_NAME:rfc1034identifier}";
				PRODUCT_NAME = JamNotesTests;
				TEST_HOST = "$(BUNDLE_LOADER)";
				WRAPPER_EXTENSION = octest;
			};
			name = Debug;
		};
		42960805177CB39900F7DF13 /* Release */ = {
			isa = XCBuildConfiguration;
			buildSettings = {
				BUNDLE_LOADER = "$(BUILT_PRODUCTS_DIR)/Setlists.app/Setlists";
				FRAMEWORK_SEARCH_PATHS = (
					"\"$(SDKROOT)/Developer/Library/Frameworks\"",
					"\"$(DEVELOPER_LIBRARY_DIR)/Frameworks\"",
				);
				GCC_PRECOMPILE_PREFIX_HEADER = YES;
				GCC_PREFIX_HEADER = "Setlists/Setlists-Prefix.pch";
				INFOPLIST_FILE = "SetlistsTests/JamNotesTests-Info.plist";
				PRODUCT_BUNDLE_IDENTIFIER = "org.bubblehouse.${PRODUCT_NAME:rfc1034identifier}";
				PRODUCT_NAME = JamNotesTests;
				TEST_HOST = "$(BUNDLE_LOADER)";
				WRAPPER_EXTENSION = octest;
			};
			name = Release;
		};
/* End XCBuildConfiguration section */

/* Begin XCConfigurationList section */
		429607B7177CB39800F7DF13 /* Build configuration list for PBXProject "JamNotes" */ = {
			isa = XCConfigurationList;
			buildConfigurations = (
				429607FE177CB39900F7DF13 /* Debug */,
				429607FF177CB39900F7DF13 /* Release */,
			);
			defaultConfigurationIsVisible = 0;
			defaultConfigurationName = Release;
		};
		42960800177CB39900F7DF13 /* Build configuration list for PBXNativeTarget "JamNotes" */ = {
			isa = XCConfigurationList;
			buildConfigurations = (
				42960801177CB39900F7DF13 /* Debug */,
				42960802177CB39900F7DF13 /* Release */,
			);
			defaultConfigurationIsVisible = 0;
			defaultConfigurationName = Release;
		};
		42960803177CB39900F7DF13 /* Build configuration list for PBXNativeTarget "JamNotesTests" */ = {
			isa = XCConfigurationList;
			buildConfigurations = (
				42960804177CB39900F7DF13 /* Debug */,
				42960805177CB39900F7DF13 /* Release */,
			);
			defaultConfigurationIsVisible = 0;
			defaultConfigurationName = Release;
		};
/* End XCConfigurationList section */

/* Begin XCVersionGroup section */
		429607DF177CB39800F7DF13 /* Setlists.xcdatamodeld */ = {
			isa = XCVersionGroup;
			children = (
				423A47912210D1CD007AE3AB /* Setlists 4.xcdatamodel */,
				4288CDB117836DE9008F7D5E /* Setlists 2.xcdatamodel */,
				4AC2B717179E1DBB0086B8D6 /* Setlists 3.xcdatamodel */,
				429607E0177CB39800F7DF13 /* Setlists.xcdatamodel */,
			);
			currentVersion = 423A47912210D1CD007AE3AB /* Setlists 4.xcdatamodel */;
			path = Setlists.xcdatamodeld;
			sourceTree = "<group>";
			versionGroupType = wrapper.xcdatamodel;
		};
/* End XCVersionGroup section */
	};
	rootObject = 429607B4177CB39800F7DF13 /* Project object */;
}
